
Microsoft Visual Studio Solution File, Format Version 12.00
# Visual Studio 15
VisualStudioVersion = 15.0.26124.0
MinimumVisualStudioVersion = 15.0.26124.0
Project("{2150E333-8FDC-42A3-9474-1A3956D46DE8}") = "src", "src", "{06B1676E-B41B-4741-8404-750451165949}"
EndProject
Project("{FAE04EC0-301F-11D3-BF4B-00C04F79EFBC}") = "Example", "src\Example\Example.csproj", "{15E7BBCD-F573-433E-99B5-D960C8D52955}"
EndProject
Project("{2150E333-8FDC-42A3-9474-1A3956D46DE8}") = "tests", "tests", "{2A2B47DD-E1FD-470E-BC0E-6A7452A85BF2}"
EndProject
Project("{FAE04EC0-301F-11D3-BF4B-00C04F79EFBC}") = "Example.Tests", "tests\Example.Tests\Example.Tests.csproj", "{13F0D429-6992-4320-BF9C-67F093E1A7F9}"
EndProject
Global
	GlobalSection(SolutionConfigurationPlatforms) = preSolution
		Debug|Any CPU = Debug|Any CPU
		Debug|x64 = Debug|x64
		Debug|x86 = Debug|x86
		Release|Any CPU = Release|Any CPU
		Release|x64 = Release|x64
		Release|x86 = Release|x86
	EndGlobalSection
	GlobalSection(SolutionProperties) = preSolution
		HideSolutionNode = FALSE
	EndGlobalSection
	GlobalSection(ProjectConfigurationPlatforms) = postSolution
		{15E7BBCD-F573-433E-99B5-D960C8D52955}.Debug|Any CPU.ActiveCfg = Debug|Any CPU
		{15E7BBCD-F573-433E-99B5-D960C8D52955}.Debug|Any CPU.Build.0 = Debug|Any CPU
		{15E7BBCD-F573-433E-99B5-D960C8D52955}.Debug|x64.ActiveCfg = Debug|Any CPU
		{15E7BBCD-F573-433E-99B5-D960C8D52955}.Debug|x64.Build.0 = Debug|Any CPU
		{15E7BBCD-F573-433E-99B5-D960C8D52955}.Debug|x86.ActiveCfg = Debug|Any CPU
		{15E7BBCD-F573-433E-99B5-D960C8D52955}.Debug|x86.Build.0 = Debug|Any CPU
		{15E7BBCD-F573-433E-99B5-D960C8D52955}.Release|Any CPU.ActiveCfg = Release|Any CPU
		{15E7BBCD-F573-433E-99B5-D960C8D52955}.Release|Any CPU.Build.0 = Release|Any CPU
		{15E7BBCD-F573-433E-99B5-D960C8D52955}.Release|x64.ActiveCfg = Release|Any CPU
		{15E7BBCD-F573-433E-99B5-D960C8D52955}.Release|x64.Build.0 = Release|Any CPU
		{15E7BBCD-F573-433E-99B5-D960C8D52955}.Release|x86.ActiveCfg = Release|Any CPU
		{15E7BBCD-F573-433E-99B5-D960C8D52955}.Release|x86.Build.0 = Release|Any CPU
		{13F0D429-6992-4320-BF9C-67F093E1A7F9}.Debug|Any CPU.ActiveCfg = Debug|Any CPU
		{13F0D429-6992-4320-BF9C-67F093E1A7F9}.Debug|Any CPU.Build.0 = Debug|Any CPU
		{13F0D429-6992-4320-BF9C-67F093E1A7F9}.Debug|x64.ActiveCfg = Debug|Any CPU
		{13F0D429-6992-4320-BF9C-67F093E1A7F9}.Debug|x64.Build.0 = Debug|Any CPU
		{13F0D429-6992-4320-BF9C-67F093E1A7F9}.Debug|x86.ActiveCfg = Debug|Any CPU
		{13F0D429-6992-4320-BF9C-67F093E1A7F9}.Debug|x86.Build.0 = Debug|Any CPU
		{13F0D429-6992-4320-BF9C-67F093E1A7F9}.Release|Any CPU.ActiveCfg = Release|Any CPU
		{13F0D429-6992-4320-BF9C-67F093E1A7F9}.Release|Any CPU.Build.0 = Release|Any CPU
		{13F0D429-6992-4320-BF9C-67F093E1A7F9}.Release|x64.ActiveCfg = Release|Any CPU
		{13F0D429-6992-4320-BF9C-67F093E1A7F9}.Release|x64.Build.0 = Release|Any CPU
		{13F0D429-6992-4320-BF9C-67F093E1A7F9}.Release|x86.ActiveCfg = Release|Any CPU
		{13F0D429-6992-4320-BF9C-67F093E1A7F9}.Release|x86.Build.0 = Release|Any CPU
	EndGlobalSection
	GlobalSection(NestedProjects) = preSolution
		{15E7BBCD-F573-433E-99B5-D960C8D52955} = {06B1676E-B41B-4741-8404-750451165949}
		{13F0D429-6992-4320-BF9C-67F093E1A7F9} = {2A2B47DD-E1FD-470E-BC0E-6A7452A85BF2}
	EndGlobalSection
EndGlobal
