
Microsoft Visual Studio Solution File, Format Version 12.00
# Visual Studio Version 16
VisualStudioVersion = 16.0.28917.181
MinimumVisualStudioVersion = 15.0.26124.0
Project("{2150E333-8FDC-42A3-9474-1A3956D46DE8}") = "src", "src", "{06B1676E-B41B-4741-8404-750451165949}"
EndProject
Project("{2150E333-8FDC-42A3-9474-1A3956D46DE8}") = "tests", "tests", "{2A2B47DD-E1FD-470E-BC0E-6A7452A85BF2}"
EndProject
Project("{9A19103F-16F7-4668-BE54-9A1E7A4F7556}") = "Example.Tests", "tests\Example.Tests\Example.Tests.csproj", "{13F0D429-6992-4320-BF9C-67F093E1A7F9}"
EndProject
Project("{9A19103F-16F7-4668-BE54-9A1E7A4F7556}") = "ExampleTest", "src\ExampleTest\ExampleTest.csproj", "{4DFE3496-FB40-4CFB-BDB2-AEED1E7E743B}"
EndProject
Project("{9A19103F-16F7-4668-BE54-9A1E7A4F7556}") = "DomainBase", "libs\DomainBase\DomainBase.csproj", "{768EC8EB-486C-40A5-9808-EF86E9BF5D8B}"
EndProject
Project("{9A19103F-16F7-4668-BE54-9A1E7A4F7556}") = "CQRSBase", "libs\CQRSBase\CQRSBase.csproj", "{EE84334B-D504-4D38-B00B-43093A1F394D}"
EndProject
Project("{9A19103F-16F7-4668-BE54-9A1E7A4F7556}") = "Domain", "src\Example\Domain\Domain.csproj", "{9DE8434D-21D7-4876-BA85-9B46DD237ADB}"
EndProject
Project("{9A19103F-16F7-4668-BE54-9A1E7A4F7556}") = "Application", "src\Example\Application\Application.csproj", "{A08E2257-2A2A-458A-B561-EEADC4F243DF}"
EndProject
Project("{9A19103F-16F7-4668-BE54-9A1E7A4F7556}") = "Adapters", "src\Example\Adapters\Adapters.csproj", "{A92F18CF-D869-4025-8840-69FAD349D69D}"
EndProject
Global
	GlobalSection(SolutionConfigurationPlatforms) = preSolution
		Debug|Any CPU = Debug|Any CPU
		Debug|x64 = Debug|x64
		Debug|x86 = Debug|x86
		Release|Any CPU = Release|Any CPU
		Release|x64 = Release|x64
		Release|x86 = Release|x86
	EndGlobalSection
	GlobalSection(ProjectConfigurationPlatforms) = postSolution
		{13F0D429-6992-4320-BF9C-67F093E1A7F9}.Debug|Any CPU.ActiveCfg = Debug|Any CPU
		{13F0D429-6992-4320-BF9C-67F093E1A7F9}.Debug|Any CPU.Build.0 = Debug|Any CPU
		{13F0D429-6992-4320-BF9C-67F093E1A7F9}.Debug|x64.ActiveCfg = Debug|Any CPU
		{13F0D429-6992-4320-BF9C-67F093E1A7F9}.Debug|x64.Build.0 = Debug|Any CPU
		{13F0D429-6992-4320-BF9C-67F093E1A7F9}.Debug|x86.ActiveCfg = Debug|Any CPU
		{13F0D429-6992-4320-BF9C-67F093E1A7F9}.Debug|x86.Build.0 = Debug|Any CPU
		{13F0D429-6992-4320-BF9C-67F093E1A7F9}.Release|Any CPU.ActiveCfg = Release|Any CPU
		{13F0D429-6992-4320-BF9C-67F093E1A7F9}.Release|Any CPU.Build.0 = Release|Any CPU
		{13F0D429-6992-4320-BF9C-67F093E1A7F9}.Release|x64.ActiveCfg = Release|Any CPU
		{13F0D429-6992-4320-BF9C-67F093E1A7F9}.Release|x64.Build.0 = Release|Any CPU
		{13F0D429-6992-4320-BF9C-67F093E1A7F9}.Release|x86.ActiveCfg = Release|Any CPU
		{13F0D429-6992-4320-BF9C-67F093E1A7F9}.Release|x86.Build.0 = Release|Any CPU
		{4DFE3496-FB40-4CFB-BDB2-AEED1E7E743B}.Debug|Any CPU.ActiveCfg = Debug|Any CPU
		{4DFE3496-FB40-4CFB-BDB2-AEED1E7E743B}.Debug|Any CPU.Build.0 = Debug|Any CPU
		{4DFE3496-FB40-4CFB-BDB2-AEED1E7E743B}.Debug|x64.ActiveCfg = Debug|Any CPU
		{4DFE3496-FB40-4CFB-BDB2-AEED1E7E743B}.Debug|x64.Build.0 = Debug|Any CPU
		{4DFE3496-FB40-4CFB-BDB2-AEED1E7E743B}.Debug|x86.ActiveCfg = Debug|Any CPU
		{4DFE3496-FB40-4CFB-BDB2-AEED1E7E743B}.Debug|x86.Build.0 = Debug|Any CPU
		{4DFE3496-FB40-4CFB-BDB2-AEED1E7E743B}.Release|Any CPU.ActiveCfg = Release|Any CPU
		{4DFE3496-FB40-4CFB-BDB2-AEED1E7E743B}.Release|Any CPU.Build.0 = Release|Any CPU
		{4DFE3496-FB40-4CFB-BDB2-AEED1E7E743B}.Release|x64.ActiveCfg = Release|Any CPU
		{4DFE3496-FB40-4CFB-BDB2-AEED1E7E743B}.Release|x64.Build.0 = Release|Any CPU
		{4DFE3496-FB40-4CFB-BDB2-AEED1E7E743B}.Release|x86.ActiveCfg = Release|Any CPU
		{4DFE3496-FB40-4CFB-BDB2-AEED1E7E743B}.Release|x86.Build.0 = Release|Any CPU
		{768EC8EB-486C-40A5-9808-EF86E9BF5D8B}.Debug|Any CPU.ActiveCfg = Debug|Any CPU
		{768EC8EB-486C-40A5-9808-EF86E9BF5D8B}.Debug|Any CPU.Build.0 = Debug|Any CPU
		{768EC8EB-486C-40A5-9808-EF86E9BF5D8B}.Debug|x64.ActiveCfg = Debug|Any CPU
		{768EC8EB-486C-40A5-9808-EF86E9BF5D8B}.Debug|x64.Build.0 = Debug|Any CPU
		{768EC8EB-486C-40A5-9808-EF86E9BF5D8B}.Debug|x86.ActiveCfg = Debug|Any CPU
		{768EC8EB-486C-40A5-9808-EF86E9BF5D8B}.Debug|x86.Build.0 = Debug|Any CPU
		{768EC8EB-486C-40A5-9808-EF86E9BF5D8B}.Release|Any CPU.ActiveCfg = Release|Any CPU
		{768EC8EB-486C-40A5-9808-EF86E9BF5D8B}.Release|Any CPU.Build.0 = Release|Any CPU
		{768EC8EB-486C-40A5-9808-EF86E9BF5D8B}.Release|x64.ActiveCfg = Release|Any CPU
		{768EC8EB-486C-40A5-9808-EF86E9BF5D8B}.Release|x64.Build.0 = Release|Any CPU
		{768EC8EB-486C-40A5-9808-EF86E9BF5D8B}.Release|x86.ActiveCfg = Release|Any CPU
		{768EC8EB-486C-40A5-9808-EF86E9BF5D8B}.Release|x86.Build.0 = Release|Any CPU
		{EE84334B-D504-4D38-B00B-43093A1F394D}.Debug|Any CPU.ActiveCfg = Debug|Any CPU
		{EE84334B-D504-4D38-B00B-43093A1F394D}.Debug|Any CPU.Build.0 = Debug|Any CPU
		{EE84334B-D504-4D38-B00B-43093A1F394D}.Debug|x64.ActiveCfg = Debug|Any CPU
		{EE84334B-D504-4D38-B00B-43093A1F394D}.Debug|x64.Build.0 = Debug|Any CPU
		{EE84334B-D504-4D38-B00B-43093A1F394D}.Debug|x86.ActiveCfg = Debug|Any CPU
		{EE84334B-D504-4D38-B00B-43093A1F394D}.Debug|x86.Build.0 = Debug|Any CPU
		{EE84334B-D504-4D38-B00B-43093A1F394D}.Release|Any CPU.ActiveCfg = Release|Any CPU
		{EE84334B-D504-4D38-B00B-43093A1F394D}.Release|Any CPU.Build.0 = Release|Any CPU
		{EE84334B-D504-4D38-B00B-43093A1F394D}.Release|x64.ActiveCfg = Release|Any CPU
		{EE84334B-D504-4D38-B00B-43093A1F394D}.Release|x64.Build.0 = Release|Any CPU
		{EE84334B-D504-4D38-B00B-43093A1F394D}.Release|x86.ActiveCfg = Release|Any CPU
		{EE84334B-D504-4D38-B00B-43093A1F394D}.Release|x86.Build.0 = Release|Any CPU
		{9DE8434D-21D7-4876-BA85-9B46DD237ADB}.Debug|Any CPU.ActiveCfg = Debug|Any CPU
		{9DE8434D-21D7-4876-BA85-9B46DD237ADB}.Debug|Any CPU.Build.0 = Debug|Any CPU
		{9DE8434D-21D7-4876-BA85-9B46DD237ADB}.Debug|x64.ActiveCfg = Debug|Any CPU
		{9DE8434D-21D7-4876-BA85-9B46DD237ADB}.Debug|x64.Build.0 = Debug|Any CPU
		{9DE8434D-21D7-4876-BA85-9B46DD237ADB}.Debug|x86.ActiveCfg = Debug|Any CPU
		{9DE8434D-21D7-4876-BA85-9B46DD237ADB}.Debug|x86.Build.0 = Debug|Any CPU
		{9DE8434D-21D7-4876-BA85-9B46DD237ADB}.Release|Any CPU.ActiveCfg = Release|Any CPU
		{9DE8434D-21D7-4876-BA85-9B46DD237ADB}.Release|Any CPU.Build.0 = Release|Any CPU
		{9DE8434D-21D7-4876-BA85-9B46DD237ADB}.Release|x64.ActiveCfg = Release|Any CPU
		{9DE8434D-21D7-4876-BA85-9B46DD237ADB}.Release|x64.Build.0 = Release|Any CPU
		{9DE8434D-21D7-4876-BA85-9B46DD237ADB}.Release|x86.ActiveCfg = Release|Any CPU
		{9DE8434D-21D7-4876-BA85-9B46DD237ADB}.Release|x86.Build.0 = Release|Any CPU
		{A08E2257-2A2A-458A-B561-EEADC4F243DF}.Debug|Any CPU.ActiveCfg = Debug|Any CPU
		{A08E2257-2A2A-458A-B561-EEADC4F243DF}.Debug|Any CPU.Build.0 = Debug|Any CPU
		{A08E2257-2A2A-458A-B561-EEADC4F243DF}.Debug|x64.ActiveCfg = Debug|Any CPU
		{A08E2257-2A2A-458A-B561-EEADC4F243DF}.Debug|x64.Build.0 = Debug|Any CPU
		{A08E2257-2A2A-458A-B561-EEADC4F243DF}.Debug|x86.ActiveCfg = Debug|Any CPU
		{A08E2257-2A2A-458A-B561-EEADC4F243DF}.Debug|x86.Build.0 = Debug|Any CPU
		{A08E2257-2A2A-458A-B561-EEADC4F243DF}.Release|Any CPU.ActiveCfg = Release|Any CPU
		{A08E2257-2A2A-458A-B561-EEADC4F243DF}.Release|Any CPU.Build.0 = Release|Any CPU
		{A08E2257-2A2A-458A-B561-EEADC4F243DF}.Release|x64.ActiveCfg = Release|Any CPU
		{A08E2257-2A2A-458A-B561-EEADC4F243DF}.Release|x64.Build.0 = Release|Any CPU
		{A08E2257-2A2A-458A-B561-EEADC4F243DF}.Release|x86.ActiveCfg = Release|Any CPU
		{A08E2257-2A2A-458A-B561-EEADC4F243DF}.Release|x86.Build.0 = Release|Any CPU
		{A92F18CF-D869-4025-8840-69FAD349D69D}.Debug|Any CPU.ActiveCfg = Debug|Any CPU
		{A92F18CF-D869-4025-8840-69FAD349D69D}.Debug|Any CPU.Build.0 = Debug|Any CPU
		{A92F18CF-D869-4025-8840-69FAD349D69D}.Debug|x64.ActiveCfg = Debug|Any CPU
		{A92F18CF-D869-4025-8840-69FAD349D69D}.Debug|x64.Build.0 = Debug|Any CPU
		{A92F18CF-D869-4025-8840-69FAD349D69D}.Debug|x86.ActiveCfg = Debug|Any CPU
		{A92F18CF-D869-4025-8840-69FAD349D69D}.Debug|x86.Build.0 = Debug|Any CPU
		{A92F18CF-D869-4025-8840-69FAD349D69D}.Release|Any CPU.ActiveCfg = Release|Any CPU
		{A92F18CF-D869-4025-8840-69FAD349D69D}.Release|Any CPU.Build.0 = Release|Any CPU
		{A92F18CF-D869-4025-8840-69FAD349D69D}.Release|x64.ActiveCfg = Release|Any CPU
		{A92F18CF-D869-4025-8840-69FAD349D69D}.Release|x64.Build.0 = Release|Any CPU
		{A92F18CF-D869-4025-8840-69FAD349D69D}.Release|x86.ActiveCfg = Release|Any CPU
		{A92F18CF-D869-4025-8840-69FAD349D69D}.Release|x86.Build.0 = Release|Any CPU
	EndGlobalSection
	GlobalSection(SolutionProperties) = preSolution
		HideSolutionNode = FALSE
	EndGlobalSection
	GlobalSection(NestedProjects) = preSolution
		{13F0D429-6992-4320-BF9C-67F093E1A7F9} = {2A2B47DD-E1FD-470E-BC0E-6A7452A85BF2}
		{4DFE3496-FB40-4CFB-BDB2-AEED1E7E743B} = {06B1676E-B41B-4741-8404-750451165949}
		{768EC8EB-486C-40A5-9808-EF86E9BF5D8B} = {06B1676E-B41B-4741-8404-750451165949}
		{EE84334B-D504-4D38-B00B-43093A1F394D} = {06B1676E-B41B-4741-8404-750451165949}
		{9DE8434D-21D7-4876-BA85-9B46DD237ADB} = {06B1676E-B41B-4741-8404-750451165949}
		{A08E2257-2A2A-458A-B561-EEADC4F243DF} = {06B1676E-B41B-4741-8404-750451165949}
		{A92F18CF-D869-4025-8840-69FAD349D69D} = {06B1676E-B41B-4741-8404-750451165949}
	EndGlobalSection
	GlobalSection(ExtensibilityGlobals) = postSolution
		SolutionGuid = {BA6E9820-B3EE-4587-9018-7E2504584E9A}
	EndGlobalSection
EndGlobal
